
Microsoft Visual Studio Solution File, Format Version 12.00
# Visual Studio 15
Project("{FAE04EC0-301F-11D3-BF4B-00C04F79EFBC}") = "ItemIzer", "ItemIzer\ItemIzer.csproj", "{9A51AE2B-99E8-408B-8A70-0E7C6C67F202}"
EndProject
Global
	GlobalSection(SolutionConfigurationPlatforms) = preSolution
		Debug|anycpu = Debug|anycpu
		Release|anycpu = Release|anycpu
	EndGlobalSection
	GlobalSection(ProjectConfigurationPlatforms) = postSolution
		{9A51AE2B-99E8-408B-8A70-0E7C6C67F202}.Debug|anycpu.ActiveCfg = Debug|anycpu
		{9A51AE2B-99E8-408B-8A70-0E7C6C67F202}.Debug|anycpu.Build.0 = Debug|anycpu
		{9A51AE2B-99E8-408B-8A70-0E7C6C67F202}.Release|anycpu.ActiveCfg = Release|anycpu
		{9A51AE2B-99E8-408B-8A70-0E7C6C67F202}.Release|anycpu.Build.0 = Release|anycpu
	EndGlobalSection
EndGlobal
